<?xml version="1.0" encoding="utf-8"?>
<Project ToolsVersion="Current" xmlns="http://schemas.microsoft.com/developer/msbuild/2003">
  <ItemGroup>
    <ClCompile Include="NukeClient\Command\CommandMgr.cpp" />
    <ClCompile Include="NukeClient\Command\Commands\BindCommand.cpp" />
    <ClCompile Include="NukeClient\Command\Commands\CommandBlockExploitCommand.cpp" />
    <ClCompile Include="NukeClient\Command\Commands\ConfigCommand.cpp" />
    <ClCompile Include="NukeClient\Command\Commands\CoordsCommand.cpp" />
    <ClCompile Include="NukeClient\Command\Commands\DamageCommand.cpp" />
    <ClCompile Include="NukeClient\Command\Commands\DupeCommand.cpp" />
    <ClCompile Include="NukeClient\Command\Commands\EjectCommand.cpp" />
    <ClCompile Include="NukeClient\Command\Commands\FriendListCommand.cpp" />
    <ClCompile Include="NukeClient\Command\Commands\GameModeCommand.cpp" />
    <ClCompile Include="NukeClient\Command\Commands\HelpCommand.cpp" />
    <ClCompile Include="NukeClient\Command\Commands\HideCommand.cpp" />
    <ClCompile Include="NukeClient\Command\Commands\ICommand.cpp" />
    <ClCompile Include="NukeClient\Command\Commands\IDCommand.cpp" />
    <ClCompile Include="NukeClient\Command\Commands\IRCCommand.cpp" />
    <ClCompile Include="NukeClient\Command\Commands\KitCommand.cpp" />
    <ClCompile Include="NukeClient\Command\Commands\ModulesCommand.cpp" />
    <ClCompile Include="NukeClient\Command\Commands\NameSpoofCommand.cpp" />
    <ClCompile Include="NukeClient\Command\Commands\NbtCommand.cpp" />
    <ClCompile Include="NukeClient\Command\Commands\PanicCommand.cpp" />
    <ClCompile Include="NukeClient\Command\Commands\PlayerTPCommand.cpp" />
    <ClCompile Include="NukeClient\Command\Commands\VClipCommand.cpp" />
    <ClCompile Include="NukeClient\Command\Commands\SayCommand.cpp" />
    <ClCompile Include="NukeClient\Command\Commands\ServerCommand.cpp" />
    <ClCompile Include="NukeClient\Command\Commands\setoffhandCommand.cpp" />
    <ClCompile Include="NukeClient\Command\Commands\SetprefixCommand.cpp" />
    <ClCompile Include="NukeClient\Command\Commands\ShowCommand.cpp" />
    <ClCompile Include="NukeClient\Command\Commands\SpammerCommand.cpp" />
    <ClCompile Include="NukeClient\Command\Commands\TeleportCommand.cpp" />
    <ClCompile Include="NukeClient\Command\Commands\ToggleCommand.cpp" />
    <ClCompile Include="NukeClient\Command\Commands\TopCommand.cpp" />
    <ClCompile Include="NukeClient\Command\Commands\UnbindCommand.cpp" />
    <ClCompile Include="NukeClient\Config\AccountInformation.cpp" />
    <ClCompile Include="NukeClient\Config\ConfigManager.cpp" />
    <ClCompile Include="NukeClient\Config\SettingManager.cpp" />
    <ClCompile Include="NukeClient\Module\Modules\Combat\CrystalAuraWTA.cpp" />
    <ClCompile Include="NukeClient\Module\Modules\Exploit\FastUse.cpp" />
    <ClCompile Include="NukeClient\Module\Modules\Exploit\NoLagBack.cpp" />
    <ClCompile Include="NukeClient\Module\Modules\Movement\Jetpack.cpp" />
    <ClCompile Include="NukeClient\Module\Modules\Movement\NoClip.cpp" />
    <ClCompile Include="NukeClient\Module\Modules\Visual\InventoryView.cpp" />
    <ClCompile Include="NukeClient\Module\Modules\Visual\Welcome.cpp" />
    <ClCompile Include="NukeClient\Notifications\NotificationManager.cpp" />
    <ClCompile Include="Utils\ColorUtil.cpp" />
    <ClCompile Include="Utils\DrawUtils.cpp" />
    <ClCompile Include="NukeClient\FriendList\FriendList.cpp" />
    <ClCompile Include="Utils\GuiUtils.cpp" />
    <ClCompile Include="Utils\ImmediateGui.cpp" />
    <ClCompile Include="NukeClient\Loader.cpp" />
    <ClCompile Include="NukeClient\Menu\ClickGui.cpp" />
    <ClCompile Include="NukeClient\Menu\ConfigManagerMenu.cpp" />
    <ClCompile Include="NukeClient\Menu\HudEditor.cpp" />
    <ClCompile Include="NukeClient\Menu\TabGui.cpp" />
    <ClCompile Include="NukeClient\Module\ModuleManager.cpp" />
    <ClCompile Include="NukeClient\Module\Modules\Combat\Aimbot.cpp" />
    <ClCompile Include="NukeClient\Module\Modules\Visual\Animations.cpp" />
    <ClCompile Include="NukeClient\Module\Modules\Combat\AntiBot.cpp" />
    <ClCompile Include="NukeClient\Module\Modules\Exploit\AntiImmobile.cpp" />
    <ClCompile Include="NukeClient\Module\Modules\Movement\AntiVoid.cpp" />
    <ClCompile Include="NukeClient\Module\Modules\Combat\AutoClicker.cpp" />
    <ClCompile Include="NukeClient\Module\Modules\Combat\AutoPot.cpp" />
    <ClCompile Include="NukeClient\Module\Modules\Player\AutoTotem.cpp" />
    <ClCompile Include="NukeClient\Module\Modules\Visual\BlockESP.cpp" />
    <ClCompile Include="NukeClient\Module\Modules\Visual\BlockOutline.cpp" />
    <ClCompile Include="NukeClient\Module\Modules\Visual\BreadCrumbs.cpp" />
    <ClCompile Include="NukeClient\Module\Modules\Other\ClickTP.cpp" />
    <ClCompile Include="NukeClient\Module\Modules\ConfigManagerMod.cpp" />
    <ClCompile Include="NukeClient\Module\Modules\Visual\CustomSky.cpp" />
    <ClCompile Include="NukeClient\Module\Modules\Other\ChatSuffix.cpp" />
    <ClCompile Include="NukeClient\Module\Modules\DebugMenu.cpp" />
    <ClCompile Include="NukeClient\Module\Modules\Player\FastPlace.cpp" />
    <ClCompile Include="NukeClient\Module\Modules\Movement\FastStop.cpp" />
    <ClCompile Include="NukeClient\Module\Modules\Other\HitEffects.cpp" />
    <ClCompile Include="NukeClient\Module\Modules\Other\ItemTP.cpp" />
    <ClCompile Include="NukeClient\Module\Modules\Movement\Jesus.cpp" />
    <ClCompile Include="NukeClient\Module\Modules\Other\Killsults.cpp" />
    <ClCompile Include="NukeClient\Module\Modules\Exploit\NoPacket.cpp" />
    <ClCompile Include="NukeClient\Module\Modules\Visual\NoRender.cpp" />
    <ClCompile Include="NukeClient\Module\Modules\Visual\Notifications.cpp" />
    <ClCompile Include="NukeClient\Module\Modules\Visual\SessionInfo.cpp" />
    <ClCompile Include="NukeClient\Module\Modules\Movement\Sneak.cpp" />
    <ClCompile Include="NukeClient\Module\Modules\Other\Spammer.cpp" />
    <ClCompile Include="NukeClient\Module\Modules\Movement\Speed.cpp" />
    <ClCompile Include="NukeClient\Module\Modules\Player\Blink.cpp" />
    <ClCompile Include="NukeClient\Module\Modules\Visual\Camera.cpp" />
    <ClCompile Include="NukeClient\Module\Modules\Exploit\ChatBypass.cpp" />
    <ClCompile Include="NukeClient\Module\Modules\Visual\ChestESP.cpp" />
    <ClCompile Include="NukeClient\Module\Modules\Player\ChestStealer.cpp" />
    <ClCompile Include="NukeClient\Module\Modules\ClickGUIMod.cpp" />
    <ClCompile Include="NukeClient\Module\Modules\Combat\Criticals.cpp" />
    <ClCompile Include="NukeClient\Module\Modules\Combat\CrystalAura.cpp" />
    <ClCompile Include="NukeClient\Module\Modules\Other\Derp.cpp" />
    <ClCompile Include="NukeClient\Module\Modules\Visual\ESP.cpp" />
    <ClCompile Include="NukeClient\Module\Modules\Exploit\FreeTP.cpp" />
    <ClCompile Include="NukeClient\Module\Modules\Other\Breaker.cpp" />
    <ClCompile Include="NukeClient\Module\Modules\Movement\Flight.cpp" />
    <ClCompile Include="NukeClient\Module\Modules\Combat\HitBoxes.cpp" />
    <ClCompile Include="NukeClient\Module\Modules\Visual\ArrayList.cpp" />
    <ClCompile Include="NukeClient\Module\Modules\Visual\Interface.cpp" />
    <ClCompile Include="NukeClient\Module\Modules\Exploit\SpeedMine.cpp" />
    <ClCompile Include="NukeClient\Module\Modules\Player\InvManager.cpp" />
    <ClCompile Include="NukeClient\Module\Modules\Movement\InvMove.cpp" />
    <ClCompile Include="NukeClient\Module\Modules\Combat\Killaura.cpp" />
    <ClCompile Include="NukeClient\Module\Modules\Movement\LongJump.cpp" />
    <ClCompile Include="NukeClient\Module\Modules\Other\MCF.cpp" />
    <ClCompile Include="NukeClient\Module\Modules\Module.cpp" />
    <ClCompile Include="NukeClient\Module\Modules\Visual\NameTags.cpp" />
    <ClCompile Include="NukeClient\Module\Modules\Exploit\NoFall.cpp" />
    <ClCompile Include="NukeClient\Module\Modules\Movement\NoSlow.cpp" />
    <ClCompile Include="NukeClient\Module\Modules\Player\NoSwing.cpp" />
    <ClCompile Include="NukeClient\Module\Modules\Other\Nuker.cpp" />
    <ClCompile Include="NukeClient\Module\Modules\Other\PacketLogger.cpp" />
    <ClCompile Include="NukeClient\Module\Modules\Exploit\Phase.cpp" />
    <ClCompile Include="NukeClient\Module\Modules\Visual\Radar.cpp" />
    <ClCompile Include="NukeClient\Module\Modules\Combat\Reach.cpp" />
    <ClCompile Include="NukeClient\Module\Modules\Player\Scaffold.cpp" />
    <ClCompile Include="NukeClient\Module\Modules\Movement\Step.cpp" />
    <ClCompile Include="NukeClient\Module\Modules\Visual\TargetHUD.cpp" />
    <ClCompile Include="NukeClient\Module\Modules\Movement\TargetStrafeOld.cpp" />
    <ClCompile Include="NukeClient\Module\Modules\Combat\Teams.cpp" />
    <ClCompile Include="NukeClient\Module\Modules\Player\BlockReach.cpp" />
    <ClCompile Include="NukeClient\Module\Modules\Other\TestModule.cpp" />
    <ClCompile Include="NukeClient\Module\Modules\Player\Timer.cpp" />
    <ClCompile Include="NukeClient\Module\Modules\Visual\Ambience.cpp" />
    <ClCompile Include="NukeClient\Module\Modules\Other\ToggleSounds.cpp" />
    <ClCompile Include="NukeClient\Module\Modules\Combat\TPAura.cpp" />
    <ClCompile Include="NukeClient\Module\Modules\Combat\TriggerBot.cpp" />
    <ClCompile Include="NukeClient\Module\Modules\Movement\Velocity.cpp" />
    <ClCompile Include="NukeClient\Module\Modules\Visual\Watermark.cpp" />
    <ClCompile Include="NukeClient\Module\Modules\Player\XP.cpp" />
    <ClCompile Include="NukeClient\Module\Modules\Visual\Xray.cpp" />
    <ClCompile Include="NukeClient\Module\Modules\Movement\Spider.cpp" />
    <ClCompile Include="NukeClient\Module\Modules\Movement\TargetStrafe.cpp" />
    <ClCompile Include="NukeClient\Module\Modules\Combat\Switcher.cpp" />
    <ClCompile Include="NukeClient\Module\Modules\Movement\KBFly.cpp" />
    <ClCompile Include="NukeClient\Module\Modules\Other\FallSave.cpp" />
    <ClCompile Include="NukeClient\Module\Modules\Player\NoJumpDelay.cpp" />
    <ClCompile Include="NukeClient\Module\Modules\Exploit\PacketMultiplier.cpp" />
    <ClCompile Include="NukeClient\Module\Modules\Exploit\Crasher.cpp" />
    <ClCompile Include="Memory\GameData.cpp" />
    <ClCompile Include="Memory\Hooks.cpp" />
    <ClCompile Include="Memory\SlimMem.cpp" />
    <ClCompile Include="pch.cpp" />
    <ClCompile Include="SDK\CBlockLegacy.cpp" />
    <ClCompile Include="SDK\CCamera.cpp" />
    <ClCompile Include="SDK\CChestBlockActor.cpp" />
    <ClCompile Include="SDK\CClientInstance.cpp" />
    <ClCompile Include="SDK\CComplexInventoryTransaction.cpp" />
    <ClCompile Include="SDK\CEntity.cpp" />
    <ClCompile Include="SDK\CGameMode.cpp" />
    <ClCompile Include="SDK\CInventory.cpp" />
    <ClCompile Include="SDK\CInventoryTransaction.cpp" />
    <ClCompile Include="SDK\CItem.cpp" />
    <ClCompile Include="SDK\CMinecraftUIRenderContext.cpp" />
    <ClCompile Include="SDK\CMoveInputHandler.cpp" />
    <ClCompile Include="SDK\CPacket.cpp" />
    <ClCompile Include="SDK\MatrixStack.cpp" />
    <ClCompile Include="SDK\Tag.cpp" />
    <ClCompile Include="SDK\Tessellator.cpp" />
    <ClCompile Include="SDK\TextHolder.cpp" />
    <ClCompile Include="Utils\Logger.cpp" />
    <ClCompile Include="Utils\MoveUtil.cpp" />
    <ClCompile Include="Utils\SkinUtil.cpp" />
    <ClCompile Include="Utils\TargetUtil.cpp" />
    <ClCompile Include="Utils\TextFormat.cpp" />
    <ClCompile Include="Utils\TimerUtil.cpp" />
    <ClCompile Include="Utils\Utils.cpp" />
    <ClCompile Include="Utils\VoxelIntersector.cpp" />
    <ClCompile Include="NukeClient\Module\Modules\Combat\BowAimbot.cpp" />
    <ClCompile Include="NukeClient\Module\Modules\Other\login.cpp" />
    <ClCompile Include="NukeClient\Module\Modules\Player\FastEast.cpp" />
    <ClCompile Include="NukeClient\Module\Modules\Player\AutoArmor.cpp" />
    <ClCompile Include="NukeClient\Module\Modules\Exploit\EntityFly.cpp" />
    <ClCompile Include="NukeClient\Module\Modules\Visual\PlayerList2.cpp" />
    <ClCompile Include="NukeClient\Module\Modules\Combat\surround.cpp" />
    <ClCompile Include="NukeClient\Module\Modules\Combat\CrystalAuraOW.cpp" />
    <ClCompile Include="NukeClient\Module\Modules\Movement\CubeSpeed.cpp" />
    <ClCompile Include="NukeClient\Module\Modules\Combat\AutoCrystal.cpp" />
    <ClCompile Include="NukeClient\Module\Modules\Visual\Search.cpp" />
    <ClCompile Include="NukeClient\Module\Modules\Combat\CrystalAuraGK.cpp" />
    <ClCompile Include="NukeClient\Module\Modules\Movement\2b2espeed.cpp" />
    <ClCompile Include="NukeClient\Module\Modules\Visual\Waila.cpp" />
    <ClCompile Include="NukeClient\Module\Modules\Combat\DamageBug.cpp" />
    <ClCompile Include="NukeClient\Module\Modules\Visual\HoleEsp.cpp" />
    <ClCompile Include="NukeClient\Module\Modules\Combat\BowSpam.cpp" />
    <ClCompile Include="NukeClient\Module\Modules\Movement\ElytraFly.cpp" />
    <ClCompile Include="NukeClient\Module\Modules\Combat\AutoTrap.cpp" />
    <ClCompile Include="NukeClient\Module\Modules\Exploit\SpeedMine2.cpp" />
    <ClCompile Include="NukeClient\Module\Modules\Combat\TargetDown.cpp" />
    <ClCompile Include="NukeClient\Module\Modules\Combat\AutoObsidian.cpp" />
    <ClCompile Include="NukeClient\Module\Modules\Combat\Switcher2.cpp" />
    <ClCompile Include="NukeClient\Module\Modules\Player\AntiAnvil.cpp" />
    <ClCompile Include="NukeClient\Module\Modules\Movement\Glide.cpp" />
  </ItemGroup>
  <ItemGroup>
    <ClInclude Include="Memory\pch.h" />
    <ClInclude Include="NukeClient\Command\CommandMgr.h" />
    <ClInclude Include="NukeClient\Command\Commands\BindCommand.h" />
    <ClInclude Include="NukeClient\Command\Commands\CommandBlockExploitCommand.h" />
    <ClInclude Include="NukeClient\Command\Commands\ConfigCommand.h" />
    <ClInclude Include="NukeClient\Command\Commands\CoordsCommand.h" />
    <ClInclude Include="NukeClient\Command\Commands\DamageCommand.h" />
    <ClInclude Include="NukeClient\Command\Commands\DupeCommand.h" />
    <ClInclude Include="NukeClient\Command\Commands\EjectCommand.h" />
    <ClInclude Include="NukeClient\Command\Commands\EnchantCommand.h" />
    <ClInclude Include="NukeClient\Command\Commands\FriendListCommand.h" />
    <ClInclude Include="NukeClient\Command\Commands\GameModeCommand.h" />
    <ClInclude Include="NukeClient\Command\Commands\GiveCommand.h" />
    <ClInclude Include="NukeClient\Command\Commands\HelpCommand.h" />
    <ClInclude Include="NukeClient\Command\Commands\HideCommand.h" />
    <ClInclude Include="NukeClient\Command\Commands\ICommand.h" />
    <ClInclude Include="NukeClient\Command\Commands\IDCommand.h" />
    <ClInclude Include="NukeClient\Command\Commands\IRCCommand.h" />
    <ClInclude Include="NukeClient\Command\Commands\KitCommand.h" />
    <ClInclude Include="NukeClient\Command\Commands\ModulesCommand.h" />
    <ClInclude Include="NukeClient\Command\Commands\NameSpoofCommand.h" />
    <ClInclude Include="NukeClient\Command\Commands\NbtCommand.h" />
    <ClInclude Include="NukeClient\Command\Commands\PanicCommand.h" />
    <ClInclude Include="NukeClient\Command\Commands\pch.h" />
    <ClInclude Include="NukeClient\Command\Commands\PlayerTPCommand.h" />
    <ClInclude Include="NukeClient\Command\Commands\VClipCommand.h" />
    <ClInclude Include="NukeClient\Command\Commands\SayCommand.h" />
    <ClInclude Include="NukeClient\Command\Commands\ServerCommand.h" />
    <ClInclude Include="NukeClient\Command\Commands\setoffhandCommand.h" />
    <ClInclude Include="NukeClient\Command\Commands\SetprefixCommand.h" />
    <ClInclude Include="NukeClient\Command\Commands\ShowCommand.h" />
    <ClInclude Include="NukeClient\Command\Commands\SpammerCommand.h" />
    <ClInclude Include="NukeClient\Command\Commands\TeleportCommand.h" />
    <ClInclude Include="NukeClient\Command\Commands\ToggleCommand.h" />
    <ClInclude Include="NukeClient\Command\Commands\TopCommand.h" />
    <ClInclude Include="NukeClient\Command\Commands\UnbindCommand.h" />
    <ClInclude Include="NukeClient\Config\AccountInformation.h" />
    <ClInclude Include="NukeClient\Config\ConfigManager.h" />
    <ClInclude Include="NukeClient\Config\SettingManager.h" />
    <ClInclude Include="NukeClient\Module\Modules\Combat\CrystalAuraWTA.h" />
    <ClInclude Include="NukeClient\Module\Modules\Exploit\FastUse.h" />
    <ClInclude Include="NukeClient\Module\Modules\Exploit\NoLagBack.h" />
    <ClInclude Include="NukeClient\Module\Modules\Movement\Jetpack.h" />
    <ClInclude Include="NukeClient\Module\Modules\Movement\NoClip.h" />
    <ClInclude Include="NukeClient\Module\Modules\Visual\InventoryView.h" />
    <ClInclude Include="NukeClient\Module\Modules\Visual\Welcome.h" />
    <ClInclude Include="NukeClient\Notifications\NotificationManager.h" />
    <ClInclude Include="Utils\ColorUtil.h" />
    <ClInclude Include="Utils\DrawUtils.h" />
    <ClInclude Include="NukeClient\FriendList\FriendList.h" />
    <ClInclude Include="Utils\GuiUtils.h" />
    <ClInclude Include="Utils\ImmediateGui.h" />
    <ClInclude Include="NukeClient\Loader.h" />
    <ClInclude Include="NukeClient\Menu\ClickGui.h" />
    <ClInclude Include="NukeClient\Menu\ConfigManagerMenu.h" />
    <ClInclude Include="NukeClient\Menu\HudEditor.h" />
    <ClInclude Include="NukeClient\Menu\TabGui.h" />
    <ClInclude Include="NukeClient\Module\ModuleManager.h" />
    <ClInclude Include="NukeClient\Module\Modules\Combat\Aimbot.h" />
    <ClInclude Include="NukeClient\Module\Modules\Visual\Animations.h" />
    <ClInclude Include="NukeClient\Module\Modules\Combat\AntiBot.h" />
    <ClInclude Include="NukeClient\Module\Modules\Exploit\AntiImmobile.h" />
    <ClInclude Include="NukeClient\Module\Modules\Movement\AntiVoid.h" />
    <ClInclude Include="NukeClient\Module\Modules\Combat\AutoClicker.h" />
    <ClInclude Include="NukeClient\Module\Modules\Combat\AutoPot.h" />
    <ClInclude Include="NukeClient\Module\Modules\Player\AutoTotem.h" />
    <ClInclude Include="NukeClient\Module\Modules\Visual\BlockESP.h" />
    <ClInclude Include="NukeClient\Module\Modules\Visual\BlockOutline.h" />
    <ClInclude Include="NukeClient\Module\Modules\Visual\BreadCrumbs.h" />
    <ClInclude Include="NukeClient\Module\Modules\Other\ClickTP.h" />
    <ClInclude Include="NukeClient\Module\Modules\Other\ChatSuffix.h" />
    <ClInclude Include="NukeClient\Module\Modules\ConfigManagerMod.h" />
    <ClInclude Include="NukeClient\Module\Modules\Visual\CustomSky.h" />
    <ClInclude Include="NukeClient\Module\Modules\DebugMenu.h" />
    <ClInclude Include="NukeClient\Module\Modules\Player\FastPlace.h" />
    <ClInclude Include="NukeClient\Module\Modules\Movement\FastStop.h" />
    <ClInclude Include="framework.h" />
    <ClInclude Include="NukeClient\Module\Modules\Other\HitEffects.h" />
    <ClInclude Include="NukeClient\Module\Modules\Other\ItemTP.h" />
    <ClInclude Include="NukeClient\Module\Modules\Movement\Jesus.h" />
    <ClInclude Include="NukeClient\Module\Modules\Other\Killsults.h" />
    <ClInclude Include="NukeClient\Module\Modules\Exploit\NoPacket.h" />
    <ClInclude Include="NukeClient\Module\Modules\Visual\NoRender.h" />
    <ClInclude Include="NukeClient\Module\Modules\Visual\Notifications.h" />
    <ClInclude Include="NukeClient\Module\Modules\Other\PacketLogger.h" />
    <ClInclude Include="NukeClient\Module\Modules\pch.h" />
    <ClInclude Include="NukeClient\Module\Modules\Visual\SessionInfo.h" />
    <ClInclude Include="NukeClient\Module\Modules\Movement\Sneak.h" />
    <ClInclude Include="NukeClient\Module\Modules\Other\Spammer.h" />
    <ClInclude Include="NukeClient\Module\Modules\Movement\Sprint.h" />
    <ClInclude Include="NukeClient\Module\Modules\Movement\Speed.h" />
    <ClInclude Include="NukeClient\Module\Modules\Player\Blink.h" />
    <ClInclude Include="NukeClient\Module\Modules\Visual\Camera.h" />
    <ClInclude Include="NukeClient\Module\Modules\Exploit\ChatBypass.h" />
    <ClInclude Include="NukeClient\Module\Modules\Visual\ChestESP.h" />
    <ClInclude Include="NukeClient\Module\Modules\Player\ChestStealer.h" />
    <ClInclude Include="NukeClient\Module\Modules\ClickGUIMod.h" />
    <ClInclude Include="NukeClient\Module\Modules\Combat\Criticals.h" />
    <ClInclude Include="NukeClient\Module\Modules\Combat\CrystalAura.h" />
    <ClInclude Include="NukeClient\Module\Modules\Other\Derp.h" />
    <ClInclude Include="NukeClient\Module\Modules\Visual\ESP.h" />
    <ClInclude Include="NukeClient\Module\Modules\Player\Freecam.h" />
    <ClInclude Include="NukeClient\Module\Modules\Visual\Freelook.h" />
    <ClInclude Include="NukeClient\Module\Modules\Exploit\FreeTP.h" />
    <ClInclude Include="NukeClient\Module\Modules\Other\Breaker.h" />
    <ClInclude Include="NukeClient\Module\Modules\Movement\Flight.h" />
    <ClInclude Include="NukeClient\Module\Modules\Combat\HitBoxes.h" />
    <ClInclude Include="NukeClient\Module\Modules\Visual\ArrayList.h" />
    <ClInclude Include="NukeClient\Module\Modules\Visual\Interface.h" />
    <ClInclude Include="NukeClient\Module\Modules\Exploit\SpeedMine.h" />
    <ClInclude Include="NukeClient\Module\Modules\Player\InvManager.h" />
    <ClInclude Include="NukeClient\Module\Modules\Movement\InvMove.h" />
    <ClInclude Include="NukeClient\Module\Modules\Combat\Killaura.h" />
    <ClInclude Include="NukeClient\Module\Modules\Movement\LongJump.h" />
    <ClInclude Include="NukeClient\Module\Modules\Other\MCF.h" />
    <ClInclude Include="NukeClient\Module\Modules\Module.h" />
    <ClInclude Include="NukeClient\Module\Modules\Visual\NameTags.h" />
    <ClInclude Include="NukeClient\Module\Modules\Exploit\NoFall.h" />
    <ClInclude Include="NukeClient\Module\Modules\Movement\NoSlow.h" />
    <ClInclude Include="NukeClient\Module\Modules\Player\NoSwing.h" />
    <ClInclude Include="NukeClient\Module\Modules\Other\Nuker.h" />
    <ClInclude Include="NukeClient\Module\Modules\NukeClientLogger.h" />
    <ClInclude Include="NukeClient\Module\Modules\Exploit\Phase.h" />
    <ClInclude Include="NukeClient\Module\Modules\Visual\Radar.h" />
    <ClInclude Include="NukeClient\Module\Modules\Combat\Reach.h" />
    <ClInclude Include="NukeClient\Module\Modules\Player\Scaffold.h" />
    <ClInclude Include="NukeClient\Module\Modules\Movement\Step.h" />
    <ClInclude Include="NukeClient\Module\Modules\Visual\TargetHUD.h" />
    <ClInclude Include="NukeClient\Module\Modules\Movement\TargetStrafeOld.h" />
    <ClInclude Include="NukeClient\Module\Modules\Combat\Teams.h" />
    <ClInclude Include="NukeClient\Module\Modules\Player\BlockReach.h" />
    <ClInclude Include="NukeClient\Module\Modules\Other\TestModule.h" />
    <ClInclude Include="NukeClient\Module\Modules\Player\Timer.h" />
    <ClInclude Include="NukeClient\Module\Modules\Visual\Ambience.h" />
    <ClInclude Include="NukeClient\Module\Modules\Other\ToggleSounds.h" />
    <ClInclude Include="NukeClient\Module\Modules\Combat\TPAura.h" />
    <ClInclude Include="NukeClient\Module\Modules\Combat\TriggerBot.h" />
    <ClInclude Include="NukeClient\Module\Modules\Movement\Velocity.h" />
    <ClInclude Include="NukeClient\Module\Modules\Visual\Watermark.h" />
    <ClInclude Include="NukeClient\Module\Modules\Player\XP.h" />
    <ClInclude Include="NukeClient\Module\Modules\Visual\Xray.h" />
    <ClInclude Include="NukeClient\Module\Modules\Visual\Zoom.h" />
    <ClInclude Include="NukeClient\Module\Modules\Movement\Spider.h" />
    <ClInclude Include="NukeClient\Module\Modules\NukeClient.h" />
    <ClInclude Include="NukeClient\Module\Modules\Movement\TargetStrafe.h" />
    <ClInclude Include="NukeClient\Module\Modules\Combat\Switcher.h" />
    <ClInclude Include="NukeClient\Module\Modules\Movement\KBFly.h" />
    <ClInclude Include="NukeClient\Module\Modules\Other\FallSave.h" />
    <ClInclude Include="NukeClient\Module\Modules\Player\NoJumpDelay.h" />
    <ClInclude Include="NukeClient\Module\Modules\Exploit\PacketMultiplier.h" />
    <ClInclude Include="NukeClient\Module\Modules\Exploit\Crasher.h" />
    <ClInclude Include="NukeClient\Scripting\Functions\NukeClientFunctions.h" />
    <ClInclude Include="include\atlrx.h" />
    <ClInclude Include="include\chakra\ChakraCommon.h" />
    <ClInclude Include="include\chakra\ChakraCommonWindows.h" />
    <ClInclude Include="include\chakra\ChakraCore.h" />
    <ClInclude Include="include\chakra\ChakraCoreWindows.h" />
    <ClInclude Include="include\chakra\ChakraDebug.h" />
    <ClInclude Include="include\d3dx11.h" />
    <ClInclude Include="include\d3dx11async.h" />
    <ClInclude Include="include\d3dx11core.h" />
    <ClInclude Include="include\d3dx11effect.h" />
    <ClInclude Include="include\imgui\examples\imgui_impl_dx11.h" />
    <ClInclude Include="include\imgui\examples\imgui_impl_win32.h" />
    <ClInclude Include="include\imgui\imconfig.h" />
    <ClInclude Include="include\imgui\imgui.h" />
    <ClInclude Include="include\imgui\imgui_internal.h" />
    <ClInclude Include="include\imgui\imstb_rectpack.h" />
    <ClInclude Include="include\imgui\imstb_textedit.h" />
    <ClInclude Include="include\imgui\imstb_truetype.h" />
    <ClInclude Include="include\imgui\misc\cpp\imgui_stdlib.h" />
    <ClInclude Include="include\imgui\misc\single_file\imgui_single_file.h" />
    <ClInclude Include="include\RegExp.h" />
    <ClInclude Include="include\StringProcess.h" />
    <ClInclude Include="include\WinHttpClient.h" />
    <ClInclude Include="Memory\GameData.h" />
    <ClInclude Include="Memory\Hooks.h" />
    <ClInclude Include="Memory\MinHook.h" />
    <ClInclude Include="Memory\SlimMem.h" />
    <ClInclude Include="pch.h" />
    <ClInclude Include="SDK\CAttribute.h" />
    <ClInclude Include="SDK\CBlockLegacy.h" />
    <ClInclude Include="SDK\CCamera.h" />
    <ClInclude Include="SDK\CChestBlockActor.h" />
    <ClInclude Include="SDK\CClientInstance.h" />
    <ClInclude Include="SDK\CClientInstanceScreenModel.h" />
    <ClInclude Include="SDK\CComplexInventoryTransaction.h" />
    <ClInclude Include="SDK\CEntity.h" />
    <ClInclude Include="SDK\CEntityList.h" />
    <ClInclude Include="SDK\CGameMode.h" />
    <ClInclude Include="SDK\CGameSettingsInput.h" />
    <ClInclude Include="SDK\CHIDController.h" />
    <ClInclude Include="SDK\CImageBuffer.h" />
    <ClInclude Include="SDK\CInventory.h" />
    <ClInclude Include="SDK\CInventoryTransaction.h" />
    <ClInclude Include="SDK\CItem.h" />
    <ClInclude Include="SDK\CLoopbackPacketSender.h" />
    <ClInclude Include="SDK\CMinecraftUIRenderContext.h" />
    <ClInclude Include="SDK\CMoveInputHandler.h" />
    <ClInclude Include="SDK\CPacket.h" />
    <ClInclude Include="SDK\CRakNetInstance.h" />
    <ClInclude Include="SDK\CUIScene.h" />
    <ClInclude Include="SDK\MatrixStack.h" />
    <ClInclude Include="SDK\MojangsonToken.h" />
    <ClInclude Include="SDK\Tag.h" />
    <ClInclude Include="SDK\Tessellator.h" />
    <ClInclude Include="SDK\TextHolder.h" />
    <ClInclude Include="SDK\Weather.h" />
    <ClInclude Include="Utils\ChakraHelper.h" />
    <ClInclude Include="Utils\DllHelper.h" />
    <ClInclude Include="Utils\MoveUtil.h" />
    <ClInclude Include="Utils\TimerUtil.h" />
    <ClInclude Include="Utils\HMath.h" />
    <ClInclude Include="Utils\Json.hpp" />
    <ClInclude Include="Utils\keys.h" />
    <ClInclude Include="Utils\Logger.h" />
    <ClInclude Include="Utils\SkinUtil.h" />
    <ClInclude Include="Utils\TargetUtil.h" />
    <ClInclude Include="Utils\TextFormat.h" />
    <ClInclude Include="Utils\Utils.h" />
    <ClInclude Include="Utils\VoxelIntersector.h" />
    <ClInclude Include="Utils\xorstr.h" />
    <ClInclude Include="NukeClient\Module\Modules\Combat\BowAimbot.h" />
    <ClInclude Include="NukeClient\Module\Modules\Other\login.h" />
    <ClInclude Include="NukeClient\Module\Modules\Player\FastEat.h" />
    <ClInclude Include="NukeClient\Module\Modules\Player\AutoArmor.h" />
    <ClInclude Include="NukeClient\Module\Modules\Exploit\EntityFly.h" />
    <ClInclude Include="NukeClient\Module\Modules\Visual\PlayerList2.h" />
    <ClInclude Include="NukeClient\Module\Modules\Combat\Surround.h" />
    <ClInclude Include="NukeClient\Module\Modules\Combat\CrystalAuraOW.h" />
    <ClInclude Include="NukeClient\Module\Modules\Combat\AntiCrystal.h" />
    <ClInclude Include="NukeClient\Module\Modules\Movement\CubeSpeed.h" />
    <ClInclude Include="NukeClient\Module\Modules\Combat\AutoCrystal.h" />
    <ClInclude Include="NukeClient\Module\Modules\Visual\Search.h" />
    <ClInclude Include="NukeClient\Module\Modules\Combat\CrystalAuraGK.h" />
    <ClInclude Include="NukeClient\Module\Modules\Movement\2b2espeed.h" />
    <ClInclude Include="NukeClient\Module\Modules\Visual\Waila.h" />
    <ClInclude Include="NukeClient\Module\Modules\Combat\DamageBug.h" />
    <ClInclude Include="NukeClient\Module\Modules\Visual\HoleEsp.h" />
    <ClInclude Include="NukeClient\Module\Modules\Combat\BowSpam.h" />
    <ClInclude Include="NukeClient\Module\Modules\Movement\ElytraFly.h" />
    <ClInclude Include="NukeClient\Module\Modules\Combat\AutoTrap.h" />
    <ClInclude Include="NukeClient\Module\Modules\Exploit\SpeedMine2.h" />
    <ClInclude Include="NukeClient\Module\Modules\bangchucai.h" />
    <ClInclude Include="NukeClient\Module\Modules\Combat\TargetDown.h" />
    <ClInclude Include="NukeClient\Module\Modules\Combat\AutoObsidian.h" />
    <ClInclude Include="NukeClient\Module\Modules\Combat\Switcher2.h" />
    <ClInclude Include="NukeClient\Module\Modules\Player\AntiAnvil.h" />
    <ClInclude Include="NukeClient\Module\Modules\Movement\Glide.h" />
  </ItemGroup>
  <ItemGroup>
    <None Include="resources\block.3dobj" />
  </ItemGroup>
</Project>